
Microsoft Visual Studio Solution File, Format Version 12.00
# Visual Studio 15
VisualStudioVersion = 15.0.27703.2000
MinimumVisualStudioVersion = 10.0.40219.1
Project("{9A19103F-16F7-4668-BE54-9A1E7A4F7556}") = "PluginTester", "PluginTester\PluginTester.csproj", "{8D8B59EF-3CC8-488A-8633-373CA19699C5}"
EndProject
Project("{FAE04EC0-301F-11D3-BF4B-00C04F79EFBC}") = "Plugin1", "Plugin1\Plugin1.csproj", "{48B49C62-06AC-4C02-8587-ADE47715727C}"
EndProject
Project("{FAE04EC0-301F-11D3-BF4B-00C04F79EFBC}") = "Plugin2", "Plugin2\Plugin2.csproj", "{75A63618-78C4-4ED2-9109-D70BF25B3631}"
EndProject
Project("{FAE04EC0-301F-11D3-BF4B-00C04F79EFBC}") = "PluginCore", "PluginCore\PluginCore.csproj", "{A6FEB903-5BD8-4358-8E5C-B70A44F2384D}"
EndProject
Global
	GlobalSection(SolutionConfigurationPlatforms) = preSolution
		Debug|Any CPU = Debug|Any CPU
		Release|Any CPU = Release|Any CPU
	EndGlobalSection
	GlobalSection(ProjectConfigurationPlatforms) = postSolution
		{8D8B59EF-3CC8-488A-8633-373CA19699C5}.Debug|Any CPU.ActiveCfg = Debug|Any CPU
		{8D8B59EF-3CC8-488A-8633-373CA19699C5}.Debug|Any CPU.Build.0 = Debug|Any CPU
		{8D8B59EF-3CC8-488A-8633-373CA19699C5}.Release|Any CPU.ActiveCfg = Release|Any CPU
		{8D8B59EF-3CC8-488A-8633-373CA19699C5}.Release|Any CPU.Build.0 = Release|Any CPU
		{48B49C62-06AC-4C02-8587-ADE47715727C}.Debug|Any CPU.ActiveCfg = Debug|Any CPU
		{48B49C62-06AC-4C02-8587-ADE47715727C}.Debug|Any CPU.Build.0 = Debug|Any CPU
		{48B49C62-06AC-4C02-8587-ADE47715727C}.Release|Any CPU.ActiveCfg = Release|Any CPU
		{48B49C62-06AC-4C02-8587-ADE47715727C}.Release|Any CPU.Build.0 = Release|Any CPU
		{75A63618-78C4-4ED2-9109-D70BF25B3631}.Debug|Any CPU.ActiveCfg = Debug|Any CPU
		{75A63618-78C4-4ED2-9109-D70BF25B3631}.Debug|Any CPU.Build.0 = Debug|Any CPU
		{75A63618-78C4-4ED2-9109-D70BF25B3631}.Release|Any CPU.ActiveCfg = Release|Any CPU
		{75A63618-78C4-4ED2-9109-D70BF25B3631}.Release|Any CPU.Build.0 = Release|Any CPU
		{A6FEB903-5BD8-4358-8E5C-B70A44F2384D}.Debug|Any CPU.ActiveCfg = Debug|Any CPU
		{A6FEB903-5BD8-4358-8E5C-B70A44F2384D}.Debug|Any CPU.Build.0 = Debug|Any CPU
		{A6FEB903-5BD8-4358-8E5C-B70A44F2384D}.Release|Any CPU.ActiveCfg = Release|Any CPU
		{A6FEB903-5BD8-4358-8E5C-B70A44F2384D}.Release|Any CPU.Build.0 = Release|Any CPU
	EndGlobalSection
	GlobalSection(SolutionProperties) = preSolution
		HideSolutionNode = FALSE
	EndGlobalSection
	GlobalSection(ExtensibilityGlobals) = postSolution
		SolutionGuid = {416956DA-FE1D-46E6-A660-6A02F51D9485}
	EndGlobalSection
EndGlobal
